# This file was autogenerated by Stack.
# You should not edit this file by hand.
# For more information, please see the documentation at:
#   https://docs.haskellstack.org/en/stable/lock_files

packages:
- completed:
    cabal-file:
      size: 1882
      sha256: 0eb0d4e0f37ea5396cec11e2bbec1567b0dc0ed2835040360518591f52628f05
    name: dspies-prelude
    version: 0.1.0.0
    git: https://github.com/davidspies/dspies-prelude.git
    pantry-tree:
      size: 788
      sha256: f3aa872f148f4046a07d5b339ee866713042ea85ff2c17379aca3783e0d4f4fb
    commit: 21e29732d563d96ef0d67e1520f7041db0157754
  original:
    git: https://github.com/davidspies/dspies-prelude.git
    commit: 21e29732d563d96ef0d67e1520f7041db0157754
snapshots:
- completed:
    size: 164
    url: https://raw.githubusercontent.com/davidspies/snapshots/master/dspies-snapshot-15.yaml
    sha256: 8b626de767fe794947fa0a09a1f589d49fb4972a9a127b6d9c9dc5444cdd1462
  original:
    url: https://raw.githubusercontent.com/davidspies/snapshots/master/dspies-snapshot-15.yaml
- completed:
    size: 524996
    url: https://raw.githubusercontent.com/commercialhaskell/stackage-snapshots/master/lts/14/27.yaml
    sha256: 7ea31a280c56bf36ff591a7397cc384d0dff622e7f9e4225b47d8980f019a0f0
  original: lts-14.27
